{
    "name": "hoidanit-active-soudclound",
    "version": "1.0.0",
    "lockfileVersion": 3,
    "requires": true,
    "packages": {
        "": {
            "name": "hoidanit-active-soudclound",
            "version": "1.0.0",
            "license": "ISC",
            "dependencies": {
                "dotenv": "16.3.1",
                "getmac": "5.20.0",
                "systeminformation": "5.18.15"
            }
        },
        "node_modules/@types/node": {
            "version": "16.18.71",
            "resolved": "https://registry.npmjs.org/@types/node/-/node-16.18.71.tgz",
            "integrity": "sha512-ARO+458bNJQeNEFuPyT6W+q9ULotmsQzhV3XABsFSxEvRMUYENcBsNAHWYPlahU+UHa5gCVwyKT1Z3f1Wwr26Q=="
        },
        "node_modules/dotenv": {
            "version": "16.3.1",
            "resolved": "https://registry.npmjs.org/dotenv/-/dotenv-16.3.1.tgz",
            "integrity": "sha512-IPzF4w4/Rd94bA9imS68tZBaYyBWSCE47V1RGuMrB94iyTOIEwRmVL2x/4An+6mETpLrKJ5hQkB8W4kFAadeIQ==",
            "engines": {
                "node": ">=12"
            },
            "funding": {
                "url": "https://github.com/motdotla/dotenv?sponsor=1"
            }
        },
        "node_modules/getmac": {
            "version": "5.20.0",
            "resolved": "https://registry.npmjs.org/getmac/-/getmac-5.20.0.tgz",
            "integrity": "sha512-O9T855fb+Hx9dsTJHNv72ZUuA6Y18+BO/0ypPXf6s/tunzXqhc3kbQkNAl+9HVKVlwkWmglHS4LMoJ9YbymKYQ==",
            "dependencies": {
                "@types/node": "^16.4.7"
            },
            "engines": {
                "node": ">=10"
            },
            "funding": {
                "url": "https://bevry.me/fund"
            }
        },
        "node_modules/systeminformation": {
            "version": "5.18.15",
            "resolved": "https://registry.npmjs.org/systeminformation/-/systeminformation-5.18.15.tgz",
            "integrity": "sha512-IS7UFVYDC7kILt/C1I5qYwxddC849uJidzR+56bv/RdpU6deOwXvXa5EgFaRP18TCPBULQj/zrri5++fXC9EGg==",
            "os": [
                "darwin",
                "linux",
                "win32",
                "freebsd",
                "openbsd",
                "netbsd",
                "sunos",
                "android"
            ],
            "bin": {
                "systeminformation": "lib/cli.js"
            },
            "engines": {
                "node": ">=8.0.0"
            },
            "funding": {
                "type": "Buy me a coffee",
                "url": "https://www.buymeacoffee.com/systeminfo"
            }
        }
    }
}
